
Microsoft Visual Studio Solution File, Format Version 12.00
# Visual Studio Version 17
VisualStudioVersion = 17.9.34728.123
MinimumVisualStudioVersion = 10.0.40219.1
Project("{FAE04EC0-301F-11D3-BF4B-00C04F79EFBC}") = "EFLesson", "EFLesson\EFLesson.csproj", "{DE275104-C482-4245-92D9-214CC97A035E}"
EndProject
Global
	GlobalSection(SolutionConfigurationPlatforms) = preSolution
		Debug|Any CPU = Debug|Any CPU
		Release|Any CPU = Release|Any CPU
	EndGlobalSection
	GlobalSection(ProjectConfigurationPlatforms) = postSolution
		{DE275104-C482-4245-92D9-214CC97A035E}.Debug|Any CPU.ActiveCfg = Debug|Any CPU
		{DE275104-C482-4245-92D9-214CC97A035E}.Debug|Any CPU.Build.0 = Debug|Any CPU
		{DE275104-C482-4245-92D9-214CC97A035E}.Release|Any CPU.ActiveCfg = Release|Any CPU
		{DE275104-C482-4245-92D9-214CC97A035E}.Release|Any CPU.Build.0 = Release|Any CPU
	EndGlobalSection
	GlobalSection(SolutionProperties) = preSolution
		HideSolutionNode = FALSE
	EndGlobalSection
	GlobalSection(ExtensibilityGlobals) = postSolution
		SolutionGuid = {A5C33161-7251-4806-8400-1F769AAA0B28}
	EndGlobalSection
EndGlobal
